
Microsoft Visual Studio Solution File, Format Version 12.00
# Visual Studio 2012
Project("{8BC9CEB8-8B4A-11D0-8D11-00A0C91BC942}") = "RocketAngelScript", "libRocket_AngelScript\libRocket_AngelScript.vcxproj", "{CA162C1C-D6A0-4533-B73C-D13401FADB30}"
EndProject
Project("{8BC9CEB8-8B4A-11D0-8D11-00A0C91BC942}") = "RocketAngelScriptControls", "libRocket_AngelScript_Controls\libRocket_AngelScript_Controls.vcxproj", "{2E35C19B-85EA-410D-8559-3537541F290B}"
	ProjectSection(ProjectDependencies) = postProject
		{CA162C1C-D6A0-4533-B73C-D13401FADB30} = {CA162C1C-D6A0-4533-B73C-D13401FADB30}
	EndProjectSection
EndProject
Global
	GlobalSection(SolutionConfigurationPlatforms) = preSolution
		Debug DLL|Win32 = Debug DLL|Win32
		Debug|Win32 = Debug|Win32
		Release DLL|Win32 = Release DLL|Win32
		Release|Win32 = Release|Win32
	EndGlobalSection
	GlobalSection(ProjectConfigurationPlatforms) = postSolution
		{CA162C1C-D6A0-4533-B73C-D13401FADB30}.Debug DLL|Win32.ActiveCfg = Debug DLL|Win32
		{CA162C1C-D6A0-4533-B73C-D13401FADB30}.Debug DLL|Win32.Build.0 = Debug DLL|Win32
		{CA162C1C-D6A0-4533-B73C-D13401FADB30}.Debug|Win32.ActiveCfg = Debug|Win32
		{CA162C1C-D6A0-4533-B73C-D13401FADB30}.Debug|Win32.Build.0 = Debug|Win32
		{CA162C1C-D6A0-4533-B73C-D13401FADB30}.Release DLL|Win32.ActiveCfg = Release DLL|Win32
		{CA162C1C-D6A0-4533-B73C-D13401FADB30}.Release DLL|Win32.Build.0 = Release DLL|Win32
		{CA162C1C-D6A0-4533-B73C-D13401FADB30}.Release|Win32.ActiveCfg = Release|Win32
		{CA162C1C-D6A0-4533-B73C-D13401FADB30}.Release|Win32.Build.0 = Release|Win32
		{2E35C19B-85EA-410D-8559-3537541F290B}.Debug DLL|Win32.ActiveCfg = Debug DLL|Win32
		{2E35C19B-85EA-410D-8559-3537541F290B}.Debug DLL|Win32.Build.0 = Debug DLL|Win32
		{2E35C19B-85EA-410D-8559-3537541F290B}.Debug|Win32.ActiveCfg = Debug|Win32
		{2E35C19B-85EA-410D-8559-3537541F290B}.Debug|Win32.Build.0 = Debug|Win32
		{2E35C19B-85EA-410D-8559-3537541F290B}.Release DLL|Win32.ActiveCfg = Release DLL|Win32
		{2E35C19B-85EA-410D-8559-3537541F290B}.Release DLL|Win32.Build.0 = Release DLL|Win32
		{2E35C19B-85EA-410D-8559-3537541F290B}.Release|Win32.ActiveCfg = Release|Win32
		{2E35C19B-85EA-410D-8559-3537541F290B}.Release|Win32.Build.0 = Release|Win32
	EndGlobalSection
	GlobalSection(SolutionProperties) = preSolution
		HideSolutionNode = FALSE
	EndGlobalSection
EndGlobal
