<?xml version="1.0" encoding="utf-8"?>
<Project ToolsVersion="4.0" xmlns="http://schemas.microsoft.com/developer/msbuild/2003">
  <ItemGroup>
    <Filter Include="Header Files">
      <UniqueIdentifier>{93995380-89BD-4b04-88EB-625FBE52EBFB}</UniqueIdentifier>
      <Extensions>h;hpp;hxx;hm;inl;inc;xsd</Extensions>
    </Filter>
    <Filter Include="Header Files\registration_utils">
      <UniqueIdentifier>{9a35dc1c-da29-47be-b07c-35b54d7509c2}</UniqueIdentifier>
    </Filter>
    <Filter Include="Source Files">
      <UniqueIdentifier>{4FC737F1-C7A5-4376-A066-2A32D752A2FF}</UniqueIdentifier>
      <Extensions>cpp;c;cc;cxx;def;odl;idl;hpj;bat;asm;asmx</Extensions>
    </Filter>
  </ItemGroup>
  <ItemGroup>
    <ClCompile Include="..\source\Core\Plugin.cpp">
      <Filter>Source Files</Filter>
    </ClCompile>
    <ClCompile Include="..\source\Core\RegisterElement.cpp">
      <Filter>Source Files</Filter>
    </ClCompile>
    <ClCompile Include="..\source\Core\RegisterVariantType.cpp">
      <Filter>Source Files</Filter>
    </ClCompile>
    <ClCompile Include="..\source\Core\RegistrationUtils.cpp">
      <Filter>Source Files</Filter>
    </ClCompile>
    <ClCompile Include="..\source\Core\Core.cpp">
      <Filter>Source Files</Filter>
    </ClCompile>
    <ClCompile Include="..\source\Core\Decorator.cpp">
      <Filter>Source Files</Filter>
    </ClCompile>
    <ClCompile Include="..\source\Core\DecoratorInstancer.cpp">
      <Filter>Source Files</Filter>
    </ClCompile>
    <ClCompile Include="..\source\Core\DelegatingEventListener.cpp">
      <Filter>Source Files</Filter>
    </ClCompile>
    <ClCompile Include="..\source\Core\ElementScriptableDocument.cpp">
      <Filter>Source Files</Filter>
    </ClCompile>
    <ClCompile Include="..\source\Core\ElementInstancer.cpp">
      <Filter>Source Files</Filter>
    </ClCompile>
    <ClCompile Include="..\source\Core\EventConnection.cpp">
      <Filter>Source Files</Filter>
    </ClCompile>
    <ClCompile Include="..\source\Core\EventListener.cpp">
      <Filter>Source Files</Filter>
    </ClCompile>
    <ClCompile Include="..\source\Core\EventListenerInstancer.cpp">
      <Filter>Source Files</Filter>
    </ClCompile>
    <ClCompile Include="..\source\Core\ScriptedEventListener.cpp">
      <Filter>Source Files</Filter>
    </ClCompile>
  </ItemGroup>
  <ItemGroup>
    <ClInclude Include="..\include\Rocket\AngelScript\Core\ScriptElement.h">
      <Filter>Header Files</Filter>
    </ClInclude>
    <ClInclude Include="..\source\Core\Plugin.h">
      <Filter>Source Files</Filter>
    </ClInclude>
    <ClInclude Include="..\include\Rocket\AngelScript\Core\registration_utils\AngelScriptPrimativeTypes.h">
      <Filter>Header Files\registration_utils</Filter>
    </ClInclude>
    <ClInclude Include="..\include\Rocket\AngelScript\Core\registration_utils\EMPSTL.h">
      <Filter>Header Files\registration_utils</Filter>
    </ClInclude>
    <ClInclude Include="..\include\Rocket\AngelScript\Core\registration_utils\RegisterElement.h">
      <Filter>Header Files\registration_utils</Filter>
    </ClInclude>
    <ClInclude Include="..\include\Rocket\AngelScript\Core\registration_utils\RegisterVariantType.h">
      <Filter>Header Files\registration_utils</Filter>
    </ClInclude>
    <ClInclude Include="..\include\Rocket\AngelScript\Core\registration_utils\RegistrationUtils.h">
      <Filter>Header Files\registration_utils</Filter>
    </ClInclude>
    <ClInclude Include="..\include\Rocket\AngelScript\Core\registration_utils\Vector2.h">
      <Filter>Header Files\registration_utils</Filter>
    </ClInclude>
    <ClInclude Include="..\include\Rocket\AngelScript\Core\Config.h">
      <Filter>Header Files</Filter>
    </ClInclude>
    <ClInclude Include="..\include\Rocket\AngelScript\Core\Core.h">
      <Filter>Header Files</Filter>
    </ClInclude>
    <ClInclude Include="..\include\Rocket\AngelScript\Core\Decorator.h">
      <Filter>Header Files</Filter>
    </ClInclude>
    <ClInclude Include="..\include\Rocket\AngelScript\Core\DecoratorInstancer.h">
      <Filter>Header Files</Filter>
    </ClInclude>
    <ClInclude Include="..\include\Rocket\AngelScript\Core\DelegatingEventListener.h">
      <Filter>Header Files</Filter>
    </ClInclude>
    <ClInclude Include="..\include\Rocket\AngelScript\Core\ElementScriptableDocument.h">
      <Filter>Header Files</Filter>
    </ClInclude>
    <ClInclude Include="..\include\Rocket\AngelScript\Core\ElementInstancer.h">
      <Filter>Header Files</Filter>
    </ClInclude>
    <ClInclude Include="..\include\Rocket\AngelScript\Core\ElementWrapper.h">
      <Filter>Header Files</Filter>
    </ClInclude>
    <ClInclude Include="..\include\Rocket\AngelScript\Core\EventConnection.h">
      <Filter>Header Files</Filter>
    </ClInclude>
    <ClInclude Include="..\include\Rocket\AngelScript\Core\EventListener.h">
      <Filter>Header Files</Filter>
    </ClInclude>
    <ClInclude Include="..\include\Rocket\AngelScript\Core\EventListenerInstancer.h">
      <Filter>Header Files</Filter>
    </ClInclude>
    <ClInclude Include="..\include\Rocket\AngelScript\Core\ScriptedEventListener.h">
      <Filter>Header Files</Filter>
    </ClInclude>
    <ClInclude Include="..\include\Rocket\AngelScript\Core\Exception.h">
      <Filter>Header Files</Filter>
    </ClInclude>
  </ItemGroup>
  <ItemGroup>
    <None Include="..\include\Rocket\AngelScript\Core\registration_utils\EMPSTL.inl">
      <Filter>Header Files\registration_utils</Filter>
    </None>
    <None Include="..\include\Rocket\AngelScript\Core\registration_utils\RegisterElementMembers.inl">
      <Filter>Header Files\registration_utils</Filter>
    </None>
    <None Include="..\include\Rocket\AngelScript\Core\registration_utils\RegisterType.inl">
      <Filter>Header Files\registration_utils</Filter>
    </None>
    <None Include="..\include\Rocket\AngelScript\Core\registration_utils\Vector2.inl">
      <Filter>Header Files\registration_utils</Filter>
    </None>
  </ItemGroup>
</Project>